{
  "name": "scratch",
  "version": "1.0.0",
  "lockfileVersion": 1,
  "requires": true,
  "dependencies": {
    "@material/mwc-base": {
      "version": "0.3.6",
      "resolved": "https://registry.npmjs.org/@material/mwc-base/-/mwc-base-0.3.6.tgz",
      "integrity": "sha512-DVwsTJYCMSgIXzh7yGdn0CW11qz7/QaimPGbQ1jo4zyV/aizbetpKwFlkJj9Ut45/cCqZMlXIU2valjoO0dU8g==",
      "requires": {
        "lit-element": "^2.0.0-rc.2",
        "lit-html": "^1.0.0-rc.2"
      }
    },
    "@material/mwc-icon": {
      "version": "0.3.6",
      "resolved": "https://registry.npmjs.org/@material/mwc-icon/-/mwc-icon-0.3.6.tgz",
      "integrity": "sha512-ssdZSY1z2i9n974iXZiy26wZzMAd4/LkPCbHtpUAOqxWLq+8r3djmPuoKhIdiI4YCarpBOpgm8HQEuHdvClkGw==",
      "requires": {
        "@material/mwc-base": "^0.3.6"
      }
    },
    "lit-element": {
      "version": "2.1.0",
      "resolved": "https://registry.npmjs.org/lit-element/-/lit-element-2.1.0.tgz",
      "integrity": "sha512-0z/KHm1xZweivfOVRr8AKR06+D3k02u15m9s4jkuRdnGe5wfmEwePzrQQBsSZNILdnfJvfo3TJOeGhBCVZaPbw==",
      "requires": {
        "lit-html": "^1.0.0"
      }
    },
    "lit-html": {
      "version": "1.0.0",
      "resolved": "https://registry.npmjs.org/lit-html/-/lit-html-1.0.0.tgz",
      "integrity": "sha512-oeWlpLmBW3gFl7979Wol2LKITpmKTUFNn7PnFbh6YNynF61W74l6x5WhwItAwPRSATpexaX1egNnRzlN4GOtfQ=="
    }
  }
}
